// !$*UTF8*$!
{
	archiveVersion = 1;
	classes = {
	};
	objectVersion = 56;
	objects = {

/* Begin PBXBuildFile section */
		5293F95D29166FA3001BEFB9 /* OfficePlaceApp.swift in Sources */ = {isa = PBXBuildFile; fileRef = 5293F95C29166FA3001BEFB9 /* OfficePlaceApp.swift */; };
		5293F95F29166FA3001BEFB9 /* ContentView.swift in Sources */ = {isa = PBXBuildFile; fileRef = 5293F95E29166FA3001BEFB9 /* ContentView.swift */; };
		5293F96129166FA3001BEFB9 /* Assets.xcassets in Resources */ = {isa = PBXBuildFile; fileRef = 5293F96029166FA3001BEFB9 /* Assets.xcassets */; };
		5293F96429166FA3001BEFB9 /* Preview Assets.xcassets in Resources */ = {isa = PBXBuildFile; fileRef = 5293F96329166FA3001BEFB9 /* Preview Assets.xcassets */; };
		5293F96F2916701F001BEFB9 /* placeData.json in Resources */ = {isa = PBXBuildFile; fileRef = 5293F96E2916701F001BEFB9 /* placeData.json */; };
		5293F97129167464001BEFB9 /* Place.swift in Sources */ = {isa = PBXBuildFile; fileRef = 5293F97029167464001BEFB9 /* Place.swift */; };
		5293F973291674A5001BEFB9 /* PlaceData.swift in Sources */ = {isa = PBXBuildFile; fileRef = 5293F972291674A5001BEFB9 /* PlaceData.swift */; };
		5293F976291674ED001BEFB9 /* PlaceStore.swift in Sources */ = {isa = PBXBuildFile; fileRef = 5293F975291674ED001BEFB9 /* PlaceStore.swift */; };
		52F1AD53291676650045F4E2 /* PlaceDetailView.swift in Sources */ = {isa = PBXBuildFile; fileRef = 52F1AD52291676650045F4E2 /* PlaceDetailView.swift */; };
		52F1AD552916803F0045F4E2 /* SafariView.swift in Sources */ = {isa = PBXBuildFile; fileRef = 52F1AD542916803F0045F4E2 /* SafariView.swift */; };
/* End PBXBuildFile section */

/* Begin PBXFileReference section */
		5293F95929166FA3001BEFB9 /* OfficePlace.app */ = {isa = PBXFileReference; explicitFileType = wrapper.application; includeInIndex = 0; path = OfficePlace.app; sourceTree = BUILT_PRODUCTS_DIR; };
		5293F95C29166FA3001BEFB9 /* OfficePlaceApp.swift */ = {isa = PBXFileReference; lastKnownFileType = sourcecode.swift; path = OfficePlaceApp.swift; sourceTree = "<group>"; };
		5293F95E29166FA3001BEFB9 /* ContentView.swift */ = {isa = PBXFileReference; lastKnownFileType = sourcecode.swift; path = ContentView.swift; sourceTree = "<group>"; };
		5293F96029166FA3001BEFB9 /* Assets.xcassets */ = {isa = PBXFileReference; lastKnownFileType = folder.assetcatalog; path = Assets.xcassets; sourceTree = "<group>"; };
		5293F96329166FA3001BEFB9 /* Preview Assets.xcassets */ = {isa = PBXFileReference; lastKnownFileType = folder.assetcatalog; path = "Preview Assets.xcassets"; sourceTree = "<group>"; };
		5293F96E2916701F001BEFB9 /* placeData.json */ = {isa = PBXFileReference; lastKnownFileType = text.json; path = placeData.json; sourceTree = "<group>"; };
		5293F97029167464001BEFB9 /* Place.swift */ = {isa = PBXFileReference; lastKnownFileType = sourcecode.swift; path = Place.swift; sourceTree = "<group>"; };
		5293F972291674A5001BEFB9 /* PlaceData.swift */ = {isa = PBXFileReference; lastKnownFileType = sourcecode.swift; path = PlaceData.swift; sourceTree = "<group>"; };
		5293F975291674ED001BEFB9 /* PlaceStore.swift */ = {isa = PBXFileReference; lastKnownFileType = sourcecode.swift; path = PlaceStore.swift; sourceTree = "<group>"; };
		52F1AD52291676650045F4E2 /* PlaceDetailView.swift */ = {isa = PBXFileReference; lastKnownFileType = sourcecode.swift; path = PlaceDetailView.swift; sourceTree = "<group>"; };
		52F1AD542916803F0045F4E2 /* SafariView.swift */ = {isa = PBXFileReference; lastKnownFileType = sourcecode.swift; path = SafariView.swift; sourceTree = "<group>"; };
/* End PBXFileReference section */

/* Begin PBXFrameworksBuildPhase section */
		5293F95629166FA3001BEFB9 /* Frameworks */ = {
			isa = PBXFrameworksBuildPhase;
			buildActionMask = 2147483647;
			files = (
			);
			runOnlyForDeploymentPostprocessing = 0;
		};
/* End PBXFrameworksBuildPhase section */

/* Begin PBXGroup section */
		5293F95029166FA3001BEFB9 = {
			isa = PBXGroup;
			children = (
				5293F95B29166FA3001BEFB9 /* OfficePlace */,
				5293F95A29166FA3001BEFB9 /* Products */,
			);
			sourceTree = "<group>";
		};
		5293F95A29166FA3001BEFB9 /* Products */ = {
			isa = PBXGroup;
			children = (
				5293F95929166FA3001BEFB9 /* OfficePlace.app */,
			);
			name = Products;
			sourceTree = "<group>";
		};
		5293F95B29166FA3001BEFB9 /* OfficePlace */ = {
			isa = PBXGroup;
			children = (
				5293F95C29166FA3001BEFB9 /* OfficePlaceApp.swift */,
				5293F95E29166FA3001BEFB9 /* ContentView.swift */,
				52F1AD52291676650045F4E2 /* PlaceDetailView.swift */,
				52F1AD542916803F0045F4E2 /* SafariView.swift */,
				5293F974291674A9001BEFB9 /* DataFile */,
				5293F96029166FA3001BEFB9 /* Assets.xcassets */,
				5293F96229166FA3001BEFB9 /* Preview Content */,
			);
			path = OfficePlace;
			sourceTree = "<group>";
		};
		5293F96229166FA3001BEFB9 /* Preview Content */ = {
			isa = PBXGroup;
			children = (
				5293F96329166FA3001BEFB9 /* Preview Assets.xcassets */,
			);
			path = "Preview Content";
			sourceTree = "<group>";
		};
		5293F974291674A9001BEFB9 /* DataFile */ = {
			isa = PBXGroup;
			children = (
				5293F97029167464001BEFB9 /* Place.swift */,
				5293F972291674A5001BEFB9 /* PlaceData.swift */,
				5293F975291674ED001BEFB9 /* PlaceStore.swift */,
				5293F96E2916701F001BEFB9 /* placeData.json */,
			);
			path = DataFile;
			sourceTree = "<group>";
		};
/* End PBXGroup section */

/* Begin PBXNativeTarget section */
		5293F95829166FA3001BEFB9 /* OfficePlace */ = {
			isa = PBXNativeTarget;
			buildConfigurationList = 5293F96729166FA3001BEFB9 /* Build configuration list for PBXNativeTarget "OfficePlace" */;
			buildPhases = (
				5293F95529166FA3001BEFB9 /* Sources */,
				5293F95629166FA3001BEFB9 /* Frameworks */,
				5293F95729166FA3001BEFB9 /* Resources */,
			);
			buildRules = (
			);
			dependencies = (
			);
			name = OfficePlace;
			productName = OfficePlace;
			productReference = 5293F95929166FA3001BEFB9 /* OfficePlace.app */;
			productType = "com.apple.product-type.application";
		};
/* End PBXNativeTarget section */

/* Begin PBXProject section */
		5293F95129166FA3001BEFB9 /* Project object */ = {
			isa = PBXProject;
			attributes = {
				BuildIndependentTargetsInParallel = 1;
				LastSwiftUpdateCheck = 1410;
				LastUpgradeCheck = 1410;
				TargetAttributes = {
					5293F95829166FA3001BEFB9 = {
						CreatedOnToolsVersion = 14.1;
					};
				};
			};
			buildConfigurationList = 5293F95429166FA3001BEFB9 /* Build configuration list for PBXProject "OfficePlace" */;
			compatibilityVersion = "Xcode 14.0";
			developmentRegion = en;
			hasScannedForEncodings = 0;
			knownRegions = (
				en,
				Base,
			);
			mainGroup = 5293F95029166FA3001BEFB9;
			productRefGroup = 5293F95A29166FA3001BEFB9 /* Products */;
			projectDirPath = "";
			projectRoot = "";
			targets = (
				5293F95829166FA3001BEFB9 /* OfficePlace */,
			);
		};
/* End PBXProject section */

/* Begin PBXResourcesBuildPhase section */
		5293F95729166FA3001BEFB9 /* Resources */ = {
			isa = PBXResourcesBuildPhase;
			buildActionMask = 2147483647;
			files = (
				5293F96F2916701F001BEFB9 /* placeData.json in Resources */,
				5293F96429166FA3001BEFB9 /* Preview Assets.xcassets in Resources */,
				5293F96129166FA3001BEFB9 /* Assets.xcassets in Resources */,
			);
			runOnlyForDeploymentPostprocessing = 0;
		};
/* End PBXResourcesBuildPhase section */

/* Begin PBXSourcesBuildPhase section */
		5293F95529166FA3001BEFB9 /* Sources */ = {
			isa = PBXSourcesBuildPhase;
			buildActionMask = 2147483647;
			files = (
				5293F97129167464001BEFB9 /* Place.swift in Sources */,
				52F1AD53291676650045F4E2 /* PlaceDetailView.swift in Sources */,
				5293F973291674A5001BEFB9 /* PlaceData.swift in Sources */,
				5293F95F29166FA3001BEFB9 /* ContentView.swift in Sources */,
				5293F95D29166FA3001BEFB9 /* OfficePlaceApp.swift in Sources */,
				5293F976291674ED001BEFB9 /* PlaceStore.swift in Sources */,
				52F1AD552916803F0045F4E2 /* SafariView.swift in Sources */,
			);
			runOnlyForDeploymentPostprocessing = 0;
		};
/* End PBXSourcesBuildPhase section */

/* Begin XCBuildConfiguration section */
		5293F96529166FA3001BEFB9 /* Debug */ = {
			isa = XCBuildConfiguration;
			buildSettings = {
				ALWAYS_SEARCH_USER_PATHS = NO;
				CLANG_ANALYZER_NONNULL = YES;
				CLANG_ANALYZER_NUMBER_OBJECT_CONVERSION = YES_AGGRESSIVE;
				CLANG_CXX_LANGUAGE_STANDARD = "gnu++20";
				CLANG_ENABLE_MODULES = YES;
				CLANG_ENABLE_OBJC_ARC = YES;
				CLANG_ENABLE_OBJC_WEAK = YES;
				CLANG_WARN_BLOCK_CAPTURE_AUTORELEASING = YES;
				CLANG_WARN_BOOL_CONVERSION = YES;
				CLANG_WARN_COMMA = YES;
				CLANG_WARN_CONSTANT_CONVERSION = YES;
				CLANG_WARN_DEPRECATED_OBJC_IMPLEMENTATIONS = YES;
				CLANG_WARN_DIRECT_OBJC_ISA_USAGE = YES_ERROR;
				CLANG_WARN_DOCUMENTATION_COMMENTS = YES;
				CLANG_WARN_EMPTY_BODY = YES;
				CLANG_WARN_ENUM_CONVERSION = YES;
				CLANG_WARN_INFINITE_RECURSION = YES;
				CLANG_WARN_INT_CONVERSION = YES;
				CLANG_WARN_NON_LITERAL_NULL_CONVERSION = YES;
				CLANG_WARN_OBJC_IMPLICIT_RETAIN_SELF = YES;
				CLANG_WARN_OBJC_LITERAL_CONVERSION = YES;
				CLANG_WARN_OBJC_ROOT_CLASS = YES_ERROR;
				CLANG_WARN_QUOTED_INCLUDE_IN_FRAMEWORK_HEADER = YES;
				CLANG_WARN_RANGE_LOOP_ANALYSIS = YES;
				CLANG_WARN_STRICT_PROTOTYPES = YES;
				CLANG_WARN_SUSPICIOUS_MOVE = YES;
				CLANG_WARN_UNGUARDED_AVAILABILITY = YES_AGGRESSIVE;
				CLANG_WARN_UNREACHABLE_CODE = YES;
				CLANG_WARN__DUPLICATE_METHOD_MATCH = YES;
				COPY_PHASE_STRIP = NO;
				DEBUG_INFORMATION_FORMAT = dwarf;
				ENABLE_STRICT_OBJC_MSGSEND = YES;
				ENABLE_TESTABILITY = YES;
				GCC_C_LANGUAGE_STANDARD = gnu11;
				GCC_DYNAMIC_NO_PIC = NO;
				GCC_NO_COMMON_BLOCKS = YES;
				GCC_OPTIMIZATION_LEVEL = 0;
				GCC_PREPROCESSOR_DEFINITIONS = (
					"DEBUG=1",
					"$(inherited)",
				);
				GCC_WARN_64_TO_32_BIT_CONVERSION = YES;
				GCC_WARN_ABOUT_RETURN_TYPE = YES_ERROR;
				GCC_WARN_UNDECLARED_SELECTOR = YES;
				GCC_WARN_UNINITIALIZED_AUTOS = YES_AGGRESSIVE;
				GCC_WARN_UNUSED_FUNCTION = YES;
				GCC_WARN_UNUSED_VARIABLE = YES;
				IPHONEOS_DEPLOYMENT_TARGET = 16.1;
				MTL_ENABLE_DEBUG_INFO = INCLUDE_SOURCE;
				MTL_FAST_MATH = YES;
				ONLY_ACTIVE_ARCH = YES;
				SDKROOT = iphoneos;
				SWIFT_ACTIVE_COMPILATION_CONDITIONS = DEBUG;
				SWIFT_OPTIMIZATION_LEVEL = "-Onone";
			};
			name = Debug;
		};
		5293F96629166FA3001BEFB9 /* Release */ = {
			isa = XCBuildConfiguration;
			buildSettings = {
				ALWAYS_SEARCH_USER_PATHS = NO;
				CLANG_ANALYZER_NONNULL = YES;
				CLANG_ANALYZER_NUMBER_OBJECT_CONVERSION = YES_AGGRESSIVE;
				CLANG_CXX_LANGUAGE_STANDARD = "gnu++20";
				CLANG_ENABLE_MODULES = YES;
				CLANG_ENABLE_OBJC_ARC = YES;
				CLANG_ENABLE_OBJC_WEAK = YES;
				CLANG_WARN_BLOCK_CAPTURE_AUTORELEASING = YES;
				CLANG_WARN_BOOL_CONVERSION = YES;
				CLANG_WARN_COMMA = YES;
				CLANG_WARN_CONSTANT_CONVERSION = YES;
				CLANG_WARN_DEPRECATED_OBJC_IMPLEMENTATIONS = YES;
				CLANG_WARN_DIRECT_OBJC_ISA_USAGE = YES_ERROR;
				CLANG_WARN_DOCUMENTATION_COMMENTS = YES;
				CLANG_WARN_EMPTY_BODY = YES;
				CLANG_WARN_ENUM_CONVERSION = YES;
				CLANG_WARN_INFINITE_RECURSION = YES;
				CLANG_WARN_INT_CONVERSION = YES;
				CLANG_WARN_NON_LITERAL_NULL_CONVERSION = YES;
				CLANG_WARN_OBJC_IMPLICIT_RETAIN_SELF = YES;
				CLANG_WARN_OBJC_LITERAL_CONVERSION = YES;
				CLANG_WARN_OBJC_ROOT_CLASS = YES_ERROR;
				CLANG_WARN_QUOTED_INCLUDE_IN_FRAMEWORK_HEADER = YES;
				CLANG_WARN_RANGE_LOOP_ANALYSIS = YES;
				CLANG_WARN_STRICT_PROTOTYPES = YES;
				CLANG_WARN_SUSPICIOUS_MOVE = YES;
				CLANG_WARN_UNGUARDED_AVAILABILITY = YES_AGGRESSIVE;
				CLANG_WARN_UNREACHABLE_CODE = YES;
				CLANG_WARN__DUPLICATE_METHOD_MATCH = YES;
				COPY_PHASE_STRIP = NO;
				DEBUG_INFORMATION_FORMAT = "dwarf-with-dsym";
				ENABLE_NS_ASSERTIONS = NO;
				ENABLE_STRICT_OBJC_MSGSEND = YES;
				GCC_C_LANGUAGE_STANDARD = gnu11;
				GCC_NO_COMMON_BLOCKS = YES;
				GCC_WARN_64_TO_32_BIT_CONVERSION = YES;
				GCC_WARN_ABOUT_RETURN_TYPE = YES_ERROR;
				GCC_WARN_UNDECLARED_SELECTOR = YES;
				GCC_WARN_UNINITIALIZED_AUTOS = YES_AGGRESSIVE;
				GCC_WARN_UNUSED_FUNCTION = YES;
				GCC_WARN_UNUSED_VARIABLE = YES;
				IPHONEOS_DEPLOYMENT_TARGET = 16.1;
				MTL_ENABLE_DEBUG_INFO = NO;
				MTL_FAST_MATH = YES;
				SDKROOT = iphoneos;
				SWIFT_COMPILATION_MODE = wholemodule;
				SWIFT_OPTIMIZATION_LEVEL = "-O";
				VALIDATE_PRODUCT = YES;
			};
			name = Release;
		};
		5293F96829166FA3001BEFB9 /* Debug */ = {
			isa = XCBuildConfiguration;
			buildSettings = {
				ASSETCATALOG_COMPILER_APPICON_NAME = AppIcon;
				ASSETCATALOG_COMPILER_GLOBAL_ACCENT_COLOR_NAME = AccentColor;
				CODE_SIGN_STYLE = Automatic;
				CURRENT_PROJECT_VERSION = 1;
				DEVELOPMENT_ASSET_PATHS = "\"OfficePlace/Preview Content\"";
				ENABLE_PREVIEWS = YES;
				GENERATE_INFOPLIST_FILE = YES;
				INFOPLIST_KEY_UIApplicationSceneManifest_Generation = YES;
				INFOPLIST_KEY_UIApplicationSupportsIndirectInputEvents = YES;
				INFOPLIST_KEY_UILaunchScreen_Generation = YES;
				INFOPLIST_KEY_UISupportedInterfaceOrientations_iPad = "UIInterfaceOrientationPortrait UIInterfaceOrientationPortraitUpsideDown UIInterfaceOrientationLandscapeLeft UIInterfaceOrientationLandscapeRight";
				INFOPLIST_KEY_UISupportedInterfaceOrientations_iPhone = "UIInterfaceOrientationPortrait UIInterfaceOrientationLandscapeLeft UIInterfaceOrientationLandscapeRight";
				LD_RUNPATH_SEARCH_PATHS = (
					"$(inherited)",
					"@executable_path/Frameworks",
				);
				MARKETING_VERSION = 1.0;
				PRODUCT_BUNDLE_IDENTIFIER = com.codelion.OfficePlace;
				PRODUCT_NAME = "$(TARGET_NAME)";
				SWIFT_EMIT_LOC_STRINGS = YES;
				SWIFT_VERSION = 5.0;
				TARGETED_DEVICE_FAMILY = "1,2";
			};
			name = Debug;
		};
		5293F96929166FA3001BEFB9 /* Release */ = {
			isa = XCBuildConfiguration;
			buildSettings = {
				ASSETCATALOG_COMPILER_APPICON_NAME = AppIcon;
				ASSETCATALOG_COMPILER_GLOBAL_ACCENT_COLOR_NAME = AccentColor;
				CODE_SIGN_STYLE = Automatic;
				CURRENT_PROJECT_VERSION = 1;
				DEVELOPMENT_ASSET_PATHS = "\"OfficePlace/Preview Content\"";
				ENABLE_PREVIEWS = YES;
				GENERATE_INFOPLIST_FILE = YES;
				INFOPLIST_KEY_UIApplicationSceneManifest_Generation = YES;
				INFOPLIST_KEY_UIApplicationSupportsIndirectInputEvents = YES;
				INFOPLIST_KEY_UILaunchScreen_Generation = YES;
				INFOPLIST_KEY_UISupportedInterfaceOrientations_iPad = "UIInterfaceOrientationPortrait UIInterfaceOrientationPortraitUpsideDown UIInterfaceOrientationLandscapeLeft UIInterfaceOrientationLandscapeRight";
				INFOPLIST_KEY_UISupportedInterfaceOrientations_iPhone = "UIInterfaceOrientationPortrait UIInterfaceOrientationLandscapeLeft UIInterfaceOrientationLandscapeRight";
				LD_RUNPATH_SEARCH_PATHS = (
					"$(inherited)",
					"@executable_path/Frameworks",
				);
				MARKETING_VERSION = 1.0;
				PRODUCT_BUNDLE_IDENTIFIER = com.codelion.OfficePlace;
				PRODUCT_NAME = "$(TARGET_NAME)";
				SWIFT_EMIT_LOC_STRINGS = YES;
				SWIFT_VERSION = 5.0;
				TARGETED_DEVICE_FAMILY = "1,2";
			};
			name = Release;
		};
/* End XCBuildConfiguration section */

/* Begin XCConfigurationList section */
		5293F95429166FA3001BEFB9 /* Build configuration list for PBXProject "OfficePlace" */ = {
			isa = XCConfigurationList;
			buildConfigurations = (
				5293F96529166FA3001BEFB9 /* Debug */,
				5293F96629166FA3001BEFB9 /* Release */,
			);
			defaultConfigurationIsVisible = 0;
			defaultConfigurationName = Release;
		};
		5293F96729166FA3001BEFB9 /* Build configuration list for PBXNativeTarget "OfficePlace" */ = {
			isa = XCConfigurationList;
			buildConfigurations = (
				5293F96829166FA3001BEFB9 /* Debug */,
				5293F96929166FA3001BEFB9 /* Release */,
			);
			defaultConfigurationIsVisible = 0;
			defaultConfigurationName = Release;
		};
/* End XCConfigurationList section */
	};
	rootObject = 5293F95129166FA3001BEFB9 /* Project object */;
}
